// !$*UTF8*$!
{
	archiveVersion = 1;
	classes = {
	};
	objectVersion = 46;
	objects = {

/* Begin PBXBuildFile section */
		A2969793198FDC9D00044A53 /* AppDelegate.swift in Sources */ = {isa = PBXBuildFile; fileRef = A2969792198FDC9D00044A53 /* AppDelegate.swift */; };
		A2969795198FDC9D00044A53 /* ViewController.swift in Sources */ = {isa = PBXBuildFile; fileRef = A2969794198FDC9D00044A53 /* ViewController.swift */; };
		A2969798198FDC9D00044A53 /* Main.storyboard in Resources */ = {isa = PBXBuildFile; fileRef = A2969796198FDC9D00044A53 /* Main.storyboard */; };
		A296979A198FDC9D00044A53 /* Images.xcassets in Resources */ = {isa = PBXBuildFile; fileRef = A2969799198FDC9D00044A53 /* Images.xcassets */; };
		A29697A6198FDC9D00044A53 /* pickerstuffTests.swift in Sources */ = {isa = PBXBuildFile; fileRef = A29697A5198FDC9D00044A53 /* pickerstuffTests.swift */; };
/* End PBXBuildFile section */

/* Begin PBXContainerItemProxy section */
		A29697A0198FDC9D00044A53 /* PBXContainerItemProxy */ = {
			isa = PBXContainerItemProxy;
			containerPortal = A2969785198FDC9D00044A53 /* Project object */;
			proxyType = 1;
			remoteGlobalIDString = A296978C198FDC9D00044A53;
			remoteInfo = pickerstuff;
		};
/* End PBXContainerItemProxy section */

/* Begin PBXFileReference section */
		A296978D198FDC9D00044A53 /* pickerstuff.app */ = {isa = PBXFileReference; explicitFileType = wrapper.application; includeInIndex = 0; path = pickerstuff.app; sourceTree = BUILT_PRODUCTS_DIR; };
		A2969791198FDC9D00044A53 /* Info.plist */ = {isa = PBXFileReference; lastKnownFileType = text.plist.xml; path = Info.plist; sourceTree = "<group>"; };
		A2969792198FDC9D00044A53 /* AppDelegate.swift */ = {isa = PBXFileReference; lastKnownFileType = sourcecode.swift; path = AppDelegate.swift; sourceTree = "<group>"; };
		A2969794198FDC9D00044A53 /* ViewController.swift */ = {isa = PBXFileReference; lastKnownFileType = sourcecode.swift; path = ViewController.swift; sourceTree = "<group>"; };
		A2969797198FDC9D00044A53 /* Base */ = {isa = PBXFileReference; lastKnownFileType = file.storyboard; name = Base; path = Base.lproj/Main.storyboard; sourceTree = "<group>"; };
		A2969799198FDC9D00044A53 /* Images.xcassets */ = {isa = PBXFileReference; lastKnownFileType = folder.assetcatalog; path = Images.xcassets; sourceTree = "<group>"; };
		A296979F198FDC9D00044A53 /* pickerstuffTests.xctest */ = {isa = PBXFileReference; explicitFileType = wrapper.cfbundle; includeInIndex = 0; path = pickerstuffTests.xctest; sourceTree = BUILT_PRODUCTS_DIR; };
		A29697A4198FDC9D00044A53 /* Info.plist */ = {isa = PBXFileReference; lastKnownFileType = text.plist.xml; path = Info.plist; sourceTree = "<group>"; };
		A29697A5198FDC9D00044A53 /* pickerstuffTests.swift */ = {isa = PBXFileReference; lastKnownFileType = sourcecode.swift; path = pickerstuffTests.swift; sourceTree = "<group>"; };
/* End PBXFileReference section */

/* Begin PBXFrameworksBuildPhase section */
		A296978A198FDC9D00044A53 /* Frameworks */ = {
			isa = PBXFrameworksBuildPhase;
			buildActionMask = 2147483647;
			files = (
			);
			runOnlyForDeploymentPostprocessing = 0;
		};
		A296979C198FDC9D00044A53 /* Frameworks */ = {
			isa = PBXFrameworksBuildPhase;
			buildActionMask = 2147483647;
			files = (
			);
			runOnlyForDeploymentPostprocessing = 0;
		};
/* End PBXFrameworksBuildPhase section */

/* Begin PBXGroup section */
		A2969784198FDC9D00044A53 = {
			isa = PBXGroup;
			children = (
				A296978F198FDC9D00044A53 /* pickerstuff */,
				A29697A2198FDC9D00044A53 /* pickerstuffTests */,
				A296978E198FDC9D00044A53 /* Products */,
			);
			sourceTree = "<group>";
		};
		A296978E198FDC9D00044A53 /* Products */ = {
			isa = PBXGroup;
			children = (
				A296978D198FDC9D00044A53 /* pickerstuff.app */,
				A296979F198FDC9D00044A53 /* pickerstuffTests.xctest */,
			);
			name = Products;
			sourceTree = "<group>";
		};
		A296978F198FDC9D00044A53 /* pickerstuff */ = {
			isa = PBXGroup;
			children = (
				A2969792198FDC9D00044A53 /* AppDelegate.swift */,
				A2969794198FDC9D00044A53 /* ViewController.swift */,
				A2969796198FDC9D00044A53 /* Main.storyboard */,
				A2969799198FDC9D00044A53 /* Images.xcassets */,
				A2969790198FDC9D00044A53 /* Supporting Files */,
			);
			path = pickerstuff;
			sourceTree = "<group>";
		};
		A2969790198FDC9D00044A53 /* Supporting Files */ = {
			isa = PBXGroup;
			children = (
				A2969791198FDC9D00044A53 /* Info.plist */,
			);
			name = "Supporting Files";
			sourceTree = "<group>";
		};
		A29697A2198FDC9D00044A53 /* pickerstuffTests */ = {
			isa = PBXGroup;
			children = (
				A29697A5198FDC9D00044A53 /* pickerstuffTests.swift */,
				A29697A3198FDC9D00044A53 /* Supporting Files */,
			);
			path = pickerstuffTests;
			sourceTree = "<group>";
		};
		A29697A3198FDC9D00044A53 /* Supporting Files */ = {
			isa = PBXGroup;
			children = (
				A29697A4198FDC9D00044A53 /* Info.plist */,
			);
			name = "Supporting Files";
			sourceTree = "<group>";
		};
/* End PBXGroup section */

/* Begin PBXNativeTarget section */
		A296978C198FDC9D00044A53 /* pickerstuff */ = {
			isa = PBXNativeTarget;
			buildConfigurationList = A29697A9198FDC9D00044A53 /* Build configuration list for PBXNativeTarget "pickerstuff" */;
			buildPhases = (
				A2969789198FDC9D00044A53 /* Sources */,
				A296978A198FDC9D00044A53 /* Frameworks */,
				A296978B198FDC9D00044A53 /* Resources */,
			);
			buildRules = (
			);
			dependencies = (
			);
			name = pickerstuff;
			productName = pickerstuff;
			productReference = A296978D198FDC9D00044A53 /* pickerstuff.app */;
			productType = "com.apple.product-type.application";
		};
		A296979E198FDC9D00044A53 /* pickerstuffTests */ = {
			isa = PBXNativeTarget;
			buildConfigurationList = A29697AC198FDC9D00044A53 /* Build configuration list for PBXNativeTarget "pickerstuffTests" */;
			buildPhases = (
				A296979B198FDC9D00044A53 /* Sources */,
				A296979C198FDC9D00044A53 /* Frameworks */,
				A296979D198FDC9D00044A53 /* Resources */,
			);
			buildRules = (
			);
			dependencies = (
				A29697A1198FDC9D00044A53 /* PBXTargetDependency */,
			);
			name = pickerstuffTests;
			productName = pickerstuffTests;
			productReference = A296979F198FDC9D00044A53 /* pickerstuffTests.xctest */;
			productType = "com.apple.product-type.bundle.unit-test";
		};
/* End PBXNativeTarget section */

/* Begin PBXProject section */
		A2969785198FDC9D00044A53 /* Project object */ = {
			isa = PBXProject;
			attributes = {
				LastUpgradeCheck = 0600;
				ORGANIZATIONNAME = learnswift;
				TargetAttributes = {
					A296978C198FDC9D00044A53 = {
						CreatedOnToolsVersion = 6.0;
					};
					A296979E198FDC9D00044A53 = {
						CreatedOnToolsVersion = 6.0;
						TestTargetID = A296978C198FDC9D00044A53;
					};
				};
			};
			buildConfigurationList = A2969788198FDC9D00044A53 /* Build configuration list for PBXProject "pickerstuff" */;
			compatibilityVersion = "Xcode 3.2";
			developmentRegion = English;
			hasScannedForEncodings = 0;
			knownRegions = (
				en,
				Base,
			);
			mainGroup = A2969784198FDC9D00044A53;
			productRefGroup = A296978E198FDC9D00044A53 /* Products */;
			projectDirPath = "";
			projectRoot = "";
			targets = (
				A296978C198FDC9D00044A53 /* pickerstuff */,
				A296979E198FDC9D00044A53 /* pickerstuffTests */,
			);
		};
/* End PBXProject section */

/* Begin PBXResourcesBuildPhase section */
		A296978B198FDC9D00044A53 /* Resources */ = {
			isa = PBXResourcesBuildPhase;
			buildActionMask = 2147483647;
			files = (
				A2969798198FDC9D00044A53 /* Main.storyboard in Resources */,
				A296979A198FDC9D00044A53 /* Images.xcassets in Resources */,
			);
			runOnlyForDeploymentPostprocessing = 0;
		};
		A296979D198FDC9D00044A53 /* Resources */ = {
			isa = PBXResourcesBuildPhase;
			buildActionMask = 2147483647;
			files = (
			);
			runOnlyForDeploymentPostprocessing = 0;
		};
/* End PBXResourcesBuildPhase section */

/* Begin PBXSourcesBuildPhase section */
		A2969789198FDC9D00044A53 /* Sources */ = {
			isa = PBXSourcesBuildPhase;
			buildActionMask = 2147483647;
			files = (
				A2969795198FDC9D00044A53 /* ViewController.swift in Sources */,
				A2969793198FDC9D00044A53 /* AppDelegate.swift in Sources */,
			);
			runOnlyForDeploymentPostprocessing = 0;
		};
		A296979B198FDC9D00044A53 /* Sources */ = {
			isa = PBXSourcesBuildPhase;
			buildActionMask = 2147483647;
			files = (
				A29697A6198FDC9D00044A53 /* pickerstuffTests.swift in Sources */,
			);
			runOnlyForDeploymentPostprocessing = 0;
		};
/* End PBXSourcesBuildPhase section */

/* Begin PBXTargetDependency section */
		A29697A1198FDC9D00044A53 /* PBXTargetDependency */ = {
			isa = PBXTargetDependency;
			target = A296978C198FDC9D00044A53 /* pickerstuff */;
			targetProxy = A29697A0198FDC9D00044A53 /* PBXContainerItemProxy */;
		};
/* End PBXTargetDependency section */

/* Begin PBXVariantGroup section */
		A2969796198FDC9D00044A53 /* Main.storyboard */ = {
			isa = PBXVariantGroup;
			children = (
				A2969797198FDC9D00044A53 /* Base */,
			);
			name = Main.storyboard;
			sourceTree = "<group>";
		};
/* End PBXVariantGroup section */

/* Begin XCBuildConfiguration section */
		A29697A7198FDC9D00044A53 /* Debug */ = {
			isa = XCBuildConfiguration;
			buildSettings = {
				ALWAYS_SEARCH_USER_PATHS = NO;
				CLANG_CXX_LANGUAGE_STANDARD = "gnu++0x";
				CLANG_CXX_LIBRARY = "libc++";
				CLANG_ENABLE_MODULES = YES;
				CLANG_ENABLE_OBJC_ARC = YES;
				CLANG_WARN_BOOL_CONVERSION = YES;
				CLANG_WARN_CONSTANT_CONVERSION = YES;
				CLANG_WARN_DIRECT_OBJC_ISA_USAGE = YES_ERROR;
				CLANG_WARN_EMPTY_BODY = YES;
				CLANG_WARN_ENUM_CONVERSION = YES;
				CLANG_WARN_INT_CONVERSION = YES;
				CLANG_WARN_OBJC_ROOT_CLASS = YES_ERROR;
				CLANG_WARN_UNREACHABLE_CODE = YES;
				CLANG_WARN__DUPLICATE_METHOD_MATCH = YES;
				"CODE_SIGN_IDENTITY[sdk=iphoneos*]" = "iPhone Developer";
				COPY_PHASE_STRIP = NO;
				ENABLE_STRICT_OBJC_MSGSEND = YES;
				GCC_C_LANGUAGE_STANDARD = gnu99;
				GCC_DYNAMIC_NO_PIC = NO;
				GCC_OPTIMIZATION_LEVEL = 0;
				GCC_PREPROCESSOR_DEFINITIONS = (
					"DEBUG=1",
					"$(inherited)",
				);
				GCC_SYMBOLS_PRIVATE_EXTERN = NO;
				GCC_WARN_64_TO_32_BIT_CONVERSION = YES;
				GCC_WARN_ABOUT_RETURN_TYPE = YES_ERROR;
				GCC_WARN_UNDECLARED_SELECTOR = YES;
				GCC_WARN_UNINITIALIZED_AUTOS = YES_AGGRESSIVE;
				GCC_WARN_UNUSED_FUNCTION = YES;
				GCC_WARN_UNUSED_VARIABLE = YES;
				IPHONEOS_DEPLOYMENT_TARGET = 8.0;
				MTL_ENABLE_DEBUG_INFO = YES;
				ONLY_ACTIVE_ARCH = YES;
				SDKROOT = iphoneos;
				SWIFT_OPTIMIZATION_LEVEL = "-Onone";
				TARGETED_DEVICE_FAMILY = "1,2";
			};
			name = Debug;
		};
		A29697A8198FDC9D00044A53 /* Release */ = {
			isa = XCBuildConfiguration;
			buildSettings = {
				ALWAYS_SEARCH_USER_PATHS = NO;
				CLANG_CXX_LANGUAGE_STANDARD = "gnu++0x";
				CLANG_CXX_LIBRARY = "libc++";
				CLANG_ENABLE_MODULES = YES;
				CLANG_ENABLE_OBJC_ARC = YES;
				CLANG_WARN_BOOL_CONVERSION = YES;
				CLANG_WARN_CONSTANT_CONVERSION = YES;
				CLANG_WARN_DIRECT_OBJC_ISA_USAGE = YES_ERROR;
				CLANG_WARN_EMPTY_BODY = YES;
				CLANG_WARN_ENUM_CONVERSION = YES;
				CLANG_WARN_INT_CONVERSION = YES;
				CLANG_WARN_OBJC_ROOT_CLASS = YES_ERROR;
				CLANG_WARN_UNREACHABLE_CODE = YES;
				CLANG_WARN__DUPLICATE_METHOD_MATCH = YES;
				"CODE_SIGN_IDENTITY[sdk=iphoneos*]" = "iPhone Developer";
				COPY_PHASE_STRIP = YES;
				ENABLE_NS_ASSERTIONS = NO;
				ENABLE_STRICT_OBJC_MSGSEND = YES;
				GCC_C_LANGUAGE_STANDARD = gnu99;
				GCC_WARN_64_TO_32_BIT_CONVERSION = YES;
				GCC_WARN_ABOUT_RETURN_TYPE = YES_ERROR;
				GCC_WARN_UNDECLARED_SELECTOR = YES;
				GCC_WARN_UNINITIALIZED_AUTOS = YES_AGGRESSIVE;
				GCC_WARN_UNUSED_FUNCTION = YES;
				GCC_WARN_UNUSED_VARIABLE = YES;
				IPHONEOS_DEPLOYMENT_TARGET = 8.0;
				MTL_ENABLE_DEBUG_INFO = NO;
				SDKROOT = iphoneos;
				TARGETED_DEVICE_FAMILY = "1,2";
				VALIDATE_PRODUCT = YES;
			};
			name = Release;
		};
		A29697AA198FDC9D00044A53 /* Debug */ = {
			isa = XCBuildConfiguration;
			buildSettings = {
				ASSETCATALOG_COMPILER_APPICON_NAME = AppIcon;
				ASSETCATALOG_COMPILER_LAUNCHIMAGE_NAME = LaunchImage;
				INFOPLIST_FILE = pickerstuff/Info.plist;
				LD_RUNPATH_SEARCH_PATHS = "$(inherited) @executable_path/Frameworks";
				PRODUCT_NAME = "$(TARGET_NAME)";
			};
			name = Debug;
		};
		A29697AB198FDC9D00044A53 /* Release */ = {
			isa = XCBuildConfiguration;
			buildSettings = {
				ASSETCATALOG_COMPILER_APPICON_NAME = AppIcon;
				ASSETCATALOG_COMPILER_LAUNCHIMAGE_NAME = LaunchImage;
				INFOPLIST_FILE = pickerstuff/Info.plist;
				LD_RUNPATH_SEARCH_PATHS = "$(inherited) @executable_path/Frameworks";
				PRODUCT_NAME = "$(TARGET_NAME)";
			};
			name = Release;
		};
		A29697AD198FDC9D00044A53 /* Debug */ = {
			isa = XCBuildConfiguration;
			buildSettings = {
				BUNDLE_LOADER = "$(BUILT_PRODUCTS_DIR)/pickerstuff.app/pickerstuff";
				FRAMEWORK_SEARCH_PATHS = (
					"$(SDKROOT)/Developer/Library/Frameworks",
					"$(inherited)",
				);
				GCC_PREPROCESSOR_DEFINITIONS = (
					"DEBUG=1",
					"$(inherited)",
				);
				INFOPLIST_FILE = pickerstuffTests/Info.plist;
				LD_RUNPATH_SEARCH_PATHS = "$(inherited) @executable_path/Frameworks @loader_path/Frameworks";
				PRODUCT_NAME = "$(TARGET_NAME)";
				TEST_HOST = "$(BUNDLE_LOADER)";
			};
			name = Debug;
		};
		A29697AE198FDC9D00044A53 /* Release */ = {
			isa = XCBuildConfiguration;
			buildSettings = {
				BUNDLE_LOADER = "$(BUILT_PRODUCTS_DIR)/pickerstuff.app/pickerstuff";
				FRAMEWORK_SEARCH_PATHS = (
					"$(SDKROOT)/Developer/Library/Frameworks",
					"$(inherited)",
				);
				INFOPLIST_FILE = pickerstuffTests/Info.plist;
				LD_RUNPATH_SEARCH_PATHS = "$(inherited) @executable_path/Frameworks @loader_path/Frameworks";
				PRODUCT_NAME = "$(TARGET_NAME)";
				TEST_HOST = "$(BUNDLE_LOADER)";
			};
			name = Release;
		};
/* End XCBuildConfiguration section */

/* Begin XCConfigurationList section */
		A2969788198FDC9D00044A53 /* Build configuration list for PBXProject "pickerstuff" */ = {
			isa = XCConfigurationList;
			buildConfigurations = (
				A29697A7198FDC9D00044A53 /* Debug */,
				A29697A8198FDC9D00044A53 /* Release */,
			);
			defaultConfigurationIsVisible = 0;
			defaultConfigurationName = Release;
		};
		A29697A9198FDC9D00044A53 /* Build configuration list for PBXNativeTarget "pickerstuff" */ = {
			isa = XCConfigurationList;
			buildConfigurations = (
				A29697AA198FDC9D00044A53 /* Debug */,
				A29697AB198FDC9D00044A53 /* Release */,
			);
			defaultConfigurationIsVisible = 0;
		};
		A29697AC198FDC9D00044A53 /* Build configuration list for PBXNativeTarget "pickerstuffTests" */ = {
			isa = XCConfigurationList;
			buildConfigurations = (
				A29697AD198FDC9D00044A53 /* Debug */,
				A29697AE198FDC9D00044A53 /* Release */,
			);
			defaultConfigurationIsVisible = 0;
		};
/* End XCConfigurationList section */
	};
	rootObject = A2969785198FDC9D00044A53 /* Project object */;
}
